
Microsoft Visual Studio Solution File, Format Version 12.00
# Visual Studio 15
VisualStudioVersion = 15.0.28307.421
MinimumVisualStudioVersion = 10.0.40219.1
Project("{9A19103F-16F7-4668-BE54-9A1E7A4F7556}") = "DisplayLog.Web", "DisplayLog.Web\DisplayLog.Web.csproj", "{A8DC0BD2-E7AC-48AB-9BA0-E037E346F010}"
EndProject
Project("{9A19103F-16F7-4668-BE54-9A1E7A4F7556}") = "DisplayLog.Extensions", "DisplayLog.Extensions\DisplayLog.Extensions.csproj", "{A9298E51-730F-439A-B38E-E0071764EF5A}"
EndProject
Project("{9A19103F-16F7-4668-BE54-9A1E7A4F7556}") = "DisplayLog.Models", "DisplayLog.Models\DisplayLog.Models.csproj", "{B7246BB0-F2FE-4387-ADE6-28ED75578ABC}"
EndProject
Project("{9A19103F-16F7-4668-BE54-9A1E7A4F7556}") = "Test", "Test\Test.csproj", "{F1B727B5-BDA8-4880-87DF-85CFEC643987}"
EndProject
Project("{E24C65DC-7377-472B-9ABA-BC803B73C61A}") = "webUI", "webUI\", "{4CE142EB-1AE6-45E3-88AD-CAAD9281DDA8}"
	ProjectSection(WebsiteProperties) = preProject
		TargetFrameworkMoniker = ".NETFramework,Version%3Dv4.0"
		Debug.AspNetCompiler.VirtualPath = "/localhost_61716"
		Debug.AspNetCompiler.PhysicalPath = "webUI\"
		Debug.AspNetCompiler.TargetPath = "PrecompiledWeb\localhost_61716\"
		Debug.AspNetCompiler.Updateable = "true"
		Debug.AspNetCompiler.ForceOverwrite = "true"
		Debug.AspNetCompiler.FixedNames = "false"
		Debug.AspNetCompiler.Debug = "True"
		Release.AspNetCompiler.VirtualPath = "/localhost_61716"
		Release.AspNetCompiler.PhysicalPath = "webUI\"
		Release.AspNetCompiler.TargetPath = "PrecompiledWeb\localhost_61716\"
		Release.AspNetCompiler.Updateable = "true"
		Release.AspNetCompiler.ForceOverwrite = "true"
		Release.AspNetCompiler.FixedNames = "false"
		Release.AspNetCompiler.Debug = "False"
		VWDPort = "61716"
		SlnRelativePath = "webUI\"
	EndProjectSection
EndProject
Global
	GlobalSection(SolutionConfigurationPlatforms) = preSolution
		Debug|Any CPU = Debug|Any CPU
		Release|Any CPU = Release|Any CPU
	EndGlobalSection
	GlobalSection(ProjectConfigurationPlatforms) = postSolution
		{A8DC0BD2-E7AC-48AB-9BA0-E037E346F010}.Debug|Any CPU.ActiveCfg = Debug|Any CPU
		{A8DC0BD2-E7AC-48AB-9BA0-E037E346F010}.Debug|Any CPU.Build.0 = Debug|Any CPU
		{A8DC0BD2-E7AC-48AB-9BA0-E037E346F010}.Release|Any CPU.ActiveCfg = Release|Any CPU
		{A8DC0BD2-E7AC-48AB-9BA0-E037E346F010}.Release|Any CPU.Build.0 = Release|Any CPU
		{A9298E51-730F-439A-B38E-E0071764EF5A}.Debug|Any CPU.ActiveCfg = Debug|Any CPU
		{A9298E51-730F-439A-B38E-E0071764EF5A}.Debug|Any CPU.Build.0 = Debug|Any CPU
		{A9298E51-730F-439A-B38E-E0071764EF5A}.Release|Any CPU.ActiveCfg = Release|Any CPU
		{A9298E51-730F-439A-B38E-E0071764EF5A}.Release|Any CPU.Build.0 = Release|Any CPU
		{B7246BB0-F2FE-4387-ADE6-28ED75578ABC}.Debug|Any CPU.ActiveCfg = Debug|Any CPU
		{B7246BB0-F2FE-4387-ADE6-28ED75578ABC}.Debug|Any CPU.Build.0 = Debug|Any CPU
		{B7246BB0-F2FE-4387-ADE6-28ED75578ABC}.Release|Any CPU.ActiveCfg = Release|Any CPU
		{B7246BB0-F2FE-4387-ADE6-28ED75578ABC}.Release|Any CPU.Build.0 = Release|Any CPU
		{F1B727B5-BDA8-4880-87DF-85CFEC643987}.Debug|Any CPU.ActiveCfg = Debug|Any CPU
		{F1B727B5-BDA8-4880-87DF-85CFEC643987}.Debug|Any CPU.Build.0 = Debug|Any CPU
		{F1B727B5-BDA8-4880-87DF-85CFEC643987}.Release|Any CPU.ActiveCfg = Release|Any CPU
		{F1B727B5-BDA8-4880-87DF-85CFEC643987}.Release|Any CPU.Build.0 = Release|Any CPU
		{4CE142EB-1AE6-45E3-88AD-CAAD9281DDA8}.Debug|Any CPU.ActiveCfg = Debug|Any CPU
		{4CE142EB-1AE6-45E3-88AD-CAAD9281DDA8}.Debug|Any CPU.Build.0 = Debug|Any CPU
		{4CE142EB-1AE6-45E3-88AD-CAAD9281DDA8}.Release|Any CPU.ActiveCfg = Debug|Any CPU
		{4CE142EB-1AE6-45E3-88AD-CAAD9281DDA8}.Release|Any CPU.Build.0 = Debug|Any CPU
	EndGlobalSection
	GlobalSection(SolutionProperties) = preSolution
		HideSolutionNode = FALSE
	EndGlobalSection
	GlobalSection(ExtensibilityGlobals) = postSolution
		SolutionGuid = {04518608-7B7E-40BD-9DB6-A71B930FC4BC}
	EndGlobalSection
EndGlobal
